// !$*UTF8*$!
{
	archiveVersion = 1;
	classes = {
	};
	objectVersion = 50;
	objects = {

/* Begin PBXBuildFile section */
		33D93BDE24FB308A00FCA180 /* AppDelegate.swift in Sources */ = {isa = PBXBuildFile; fileRef = 33D93BDD24FB308A00FCA180 /* AppDelegate.swift */; };
		33D93BE024FB308A00FCA180 /* SceneDelegate.swift in Sources */ = {isa = PBXBuildFile; fileRef = 33D93BDF24FB308A00FCA180 /* SceneDelegate.swift */; };
		33D93BE224FB308A00FCA180 /* ViewController.swift in Sources */ = {isa = PBXBuildFile; fileRef = 33D93BE124FB308A00FCA180 /* ViewController.swift */; };
		33D93BE524FB308A00FCA180 /* Main.storyboard in Resources */ = {isa = PBXBuildFile; fileRef = 33D93BE324FB308A00FCA180 /* Main.storyboard */; };
		33D93BE724FB308C00FCA180 /* Assets.xcassets in Resources */ = {isa = PBXBuildFile; fileRef = 33D93BE624FB308C00FCA180 /* Assets.xcassets */; };
		33D93BEA24FB308C00FCA180 /* LaunchScreen.storyboard in Resources */ = {isa = PBXBuildFile; fileRef = 33D93BE824FB308C00FCA180 /* LaunchScreen.storyboard */; };
		33D93BF524FB308C00FCA180 /* tippyTests.swift in Sources */ = {isa = PBXBuildFile; fileRef = 33D93BF424FB308C00FCA180 /* tippyTests.swift */; };
		33D93C0024FB308C00FCA180 /* tippyUITests.swift in Sources */ = {isa = PBXBuildFile; fileRef = 33D93BFF24FB308C00FCA180 /* tippyUITests.swift */; };
/* End PBXBuildFile section */

/* Begin PBXContainerItemProxy section */
		33D93BF124FB308C00FCA180 /* PBXContainerItemProxy */ = {
			isa = PBXContainerItemProxy;
			containerPortal = 33D93BD224FB308A00FCA180 /* Project object */;
			proxyType = 1;
			remoteGlobalIDString = 33D93BD924FB308A00FCA180;
			remoteInfo = tippy;
		};
		33D93BFC24FB308C00FCA180 /* PBXContainerItemProxy */ = {
			isa = PBXContainerItemProxy;
			containerPortal = 33D93BD224FB308A00FCA180 /* Project object */;
			proxyType = 1;
			remoteGlobalIDString = 33D93BD924FB308A00FCA180;
			remoteInfo = tippy;
		};
/* End PBXContainerItemProxy section */

/* Begin PBXFileReference section */
		33D93BDA24FB308A00FCA180 /* tippy.app */ = {isa = PBXFileReference; explicitFileType = wrapper.application; includeInIndex = 0; path = tippy.app; sourceTree = BUILT_PRODUCTS_DIR; };
		33D93BDD24FB308A00FCA180 /* AppDelegate.swift */ = {isa = PBXFileReference; lastKnownFileType = sourcecode.swift; path = AppDelegate.swift; sourceTree = "<group>"; };
		33D93BDF24FB308A00FCA180 /* SceneDelegate.swift */ = {isa = PBXFileReference; lastKnownFileType = sourcecode.swift; path = SceneDelegate.swift; sourceTree = "<group>"; };
		33D93BE124FB308A00FCA180 /* ViewController.swift */ = {isa = PBXFileReference; lastKnownFileType = sourcecode.swift; path = ViewController.swift; sourceTree = "<group>"; };
		33D93BE424FB308A00FCA180 /* Base */ = {isa = PBXFileReference; lastKnownFileType = file.storyboard; name = Base; path = Base.lproj/Main.storyboard; sourceTree = "<group>"; };
		33D93BE624FB308C00FCA180 /* Assets.xcassets */ = {isa = PBXFileReference; lastKnownFileType = folder.assetcatalog; path = Assets.xcassets; sourceTree = "<group>"; };
		33D93BE924FB308C00FCA180 /* Base */ = {isa = PBXFileReference; lastKnownFileType = file.storyboard; name = Base; path = Base.lproj/LaunchScreen.storyboard; sourceTree = "<group>"; };
		33D93BEB24FB308C00FCA180 /* Info.plist */ = {isa = PBXFileReference; lastKnownFileType = text.plist.xml; path = Info.plist; sourceTree = "<group>"; };
		33D93BF024FB308C00FCA180 /* tippyTests.xctest */ = {isa = PBXFileReference; explicitFileType = wrapper.cfbundle; includeInIndex = 0; path = tippyTests.xctest; sourceTree = BUILT_PRODUCTS_DIR; };
		33D93BF424FB308C00FCA180 /* tippyTests.swift */ = {isa = PBXFileReference; lastKnownFileType = sourcecode.swift; path = tippyTests.swift; sourceTree = "<group>"; };
		33D93BF624FB308C00FCA180 /* Info.plist */ = {isa = PBXFileReference; lastKnownFileType = text.plist.xml; path = Info.plist; sourceTree = "<group>"; };
		33D93BFB24FB308C00FCA180 /* tippyUITests.xctest */ = {isa = PBXFileReference; explicitFileType = wrapper.cfbundle; includeInIndex = 0; path = tippyUITests.xctest; sourceTree = BUILT_PRODUCTS_DIR; };
		33D93BFF24FB308C00FCA180 /* tippyUITests.swift */ = {isa = PBXFileReference; lastKnownFileType = sourcecode.swift; path = tippyUITests.swift; sourceTree = "<group>"; };
		33D93C0124FB308C00FCA180 /* Info.plist */ = {isa = PBXFileReference; lastKnownFileType = text.plist.xml; path = Info.plist; sourceTree = "<group>"; };
/* End PBXFileReference section */

/* Begin PBXFrameworksBuildPhase section */
		33D93BD724FB308A00FCA180 /* Frameworks */ = {
			isa = PBXFrameworksBuildPhase;
			buildActionMask = 2147483647;
			files = (
			);
			runOnlyForDeploymentPostprocessing = 0;
		};
		33D93BED24FB308C00FCA180 /* Frameworks */ = {
			isa = PBXFrameworksBuildPhase;
			buildActionMask = 2147483647;
			files = (
			);
			runOnlyForDeploymentPostprocessing = 0;
		};
		33D93BF824FB308C00FCA180 /* Frameworks */ = {
			isa = PBXFrameworksBuildPhase;
			buildActionMask = 2147483647;
			files = (
			);
			runOnlyForDeploymentPostprocessing = 0;
		};
/* End PBXFrameworksBuildPhase section */

/* Begin PBXGroup section */
		33D93BD124FB308A00FCA180 = {
			isa = PBXGroup;
			children = (
				33D93BDC24FB308A00FCA180 /* tippy */,
				33D93BF324FB308C00FCA180 /* tippyTests */,
				33D93BFE24FB308C00FCA180 /* tippyUITests */,
				33D93BDB24FB308A00FCA180 /* Products */,
			);
			sourceTree = "<group>";
		};
		33D93BDB24FB308A00FCA180 /* Products */ = {
			isa = PBXGroup;
			children = (
				33D93BDA24FB308A00FCA180 /* tippy.app */,
				33D93BF024FB308C00FCA180 /* tippyTests.xctest */,
				33D93BFB24FB308C00FCA180 /* tippyUITests.xctest */,
			);
			name = Products;
			sourceTree = "<group>";
		};
		33D93BDC24FB308A00FCA180 /* tippy */ = {
			isa = PBXGroup;
			children = (
				33D93BDD24FB308A00FCA180 /* AppDelegate.swift */,
				33D93BDF24FB308A00FCA180 /* SceneDelegate.swift */,
				33D93BE124FB308A00FCA180 /* ViewController.swift */,
				33D93BE324FB308A00FCA180 /* Main.storyboard */,
				33D93BE624FB308C00FCA180 /* Assets.xcassets */,
				33D93BE824FB308C00FCA180 /* LaunchScreen.storyboard */,
				33D93BEB24FB308C00FCA180 /* Info.plist */,
			);
			path = tippy;
			sourceTree = "<group>";
		};
		33D93BF324FB308C00FCA180 /* tippyTests */ = {
			isa = PBXGroup;
			children = (
				33D93BF424FB308C00FCA180 /* tippyTests.swift */,
				33D93BF624FB308C00FCA180 /* Info.plist */,
			);
			path = tippyTests;
			sourceTree = "<group>";
		};
		33D93BFE24FB308C00FCA180 /* tippyUITests */ = {
			isa = PBXGroup;
			children = (
				33D93BFF24FB308C00FCA180 /* tippyUITests.swift */,
				33D93C0124FB308C00FCA180 /* Info.plist */,
			);
			path = tippyUITests;
			sourceTree = "<group>";
		};
/* End PBXGroup section */

/* Begin PBXNativeTarget section */
		33D93BD924FB308A00FCA180 /* tippy */ = {
			isa = PBXNativeTarget;
			buildConfigurationList = 33D93C0424FB308C00FCA180 /* Build configuration list for PBXNativeTarget "tippy" */;
			buildPhases = (
				33D93BD624FB308A00FCA180 /* Sources */,
				33D93BD724FB308A00FCA180 /* Frameworks */,
				33D93BD824FB308A00FCA180 /* Resources */,
			);
			buildRules = (
			);
			dependencies = (
			);
			name = tippy;
			productName = tippy;
			productReference = 33D93BDA24FB308A00FCA180 /* tippy.app */;
			productType = "com.apple.product-type.application";
		};
		33D93BEF24FB308C00FCA180 /* tippyTests */ = {
			isa = PBXNativeTarget;
			buildConfigurationList = 33D93C0724FB308C00FCA180 /* Build configuration list for PBXNativeTarget "tippyTests" */;
			buildPhases = (
				33D93BEC24FB308C00FCA180 /* Sources */,
				33D93BED24FB308C00FCA180 /* Frameworks */,
				33D93BEE24FB308C00FCA180 /* Resources */,
			);
			buildRules = (
			);
			dependencies = (
				33D93BF224FB308C00FCA180 /* PBXTargetDependency */,
			);
			name = tippyTests;
			productName = tippyTests;
			productReference = 33D93BF024FB308C00FCA180 /* tippyTests.xctest */;
			productType = "com.apple.product-type.bundle.unit-test";
		};
		33D93BFA24FB308C00FCA180 /* tippyUITests */ = {
			isa = PBXNativeTarget;
			buildConfigurationList = 33D93C0A24FB308C00FCA180 /* Build configuration list for PBXNativeTarget "tippyUITests" */;
			buildPhases = (
				33D93BF724FB308C00FCA180 /* Sources */,
				33D93BF824FB308C00FCA180 /* Frameworks */,
				33D93BF924FB308C00FCA180 /* Resources */,
			);
			buildRules = (
			);
			dependencies = (
				33D93BFD24FB308C00FCA180 /* PBXTargetDependency */,
			);
			name = tippyUITests;
			productName = tippyUITests;
			productReference = 33D93BFB24FB308C00FCA180 /* tippyUITests.xctest */;
			productType = "com.apple.product-type.bundle.ui-testing";
		};
/* End PBXNativeTarget section */

/* Begin PBXProject section */
		33D93BD224FB308A00FCA180 /* Project object */ = {
			isa = PBXProject;
			attributes = {
				LastSwiftUpdateCheck = 1150;
				LastUpgradeCheck = 1150;
				ORGANIZATIONNAME = codepath;
				TargetAttributes = {
					33D93BD924FB308A00FCA180 = {
						CreatedOnToolsVersion = 11.5;
					};
					33D93BEF24FB308C00FCA180 = {
						CreatedOnToolsVersion = 11.5;
						TestTargetID = 33D93BD924FB308A00FCA180;
					};
					33D93BFA24FB308C00FCA180 = {
						CreatedOnToolsVersion = 11.5;
						TestTargetID = 33D93BD924FB308A00FCA180;
					};
				};
			};
			buildConfigurationList = 33D93BD524FB308A00FCA180 /* Build configuration list for PBXProject "tippy" */;
			compatibilityVersion = "Xcode 9.3";
			developmentRegion = en;
			hasScannedForEncodings = 0;
			knownRegions = (
				en,
				Base,
			);
			mainGroup = 33D93BD124FB308A00FCA180;
			productRefGroup = 33D93BDB24FB308A00FCA180 /* Products */;
			projectDirPath = "";
			projectRoot = "";
			targets = (
				33D93BD924FB308A00FCA180 /* tippy */,
				33D93BEF24FB308C00FCA180 /* tippyTests */,
				33D93BFA24FB308C00FCA180 /* tippyUITests */,
			);
		};
/* End PBXProject section */

/* Begin PBXResourcesBuildPhase section */
		33D93BD824FB308A00FCA180 /* Resources */ = {
			isa = PBXResourcesBuildPhase;
			buildActionMask = 2147483647;
			files = (
				33D93BEA24FB308C00FCA180 /* LaunchScreen.storyboard in Resources */,
				33D93BE724FB308C00FCA180 /* Assets.xcassets in Resources */,
				33D93BE524FB308A00FCA180 /* Main.storyboard in Resources */,
			);
			runOnlyForDeploymentPostprocessing = 0;
		};
		33D93BEE24FB308C00FCA180 /* Resources */ = {
			isa = PBXResourcesBuildPhase;
			buildActionMask = 2147483647;
			files = (
			);
			runOnlyForDeploymentPostprocessing = 0;
		};
		33D93BF924FB308C00FCA180 /* Resources */ = {
			isa = PBXResourcesBuildPhase;
			buildActionMask = 2147483647;
			files = (
			);
			runOnlyForDeploymentPostprocessing = 0;
		};
/* End PBXResourcesBuildPhase section */

/* Begin PBXSourcesBuildPhase section */
		33D93BD624FB308A00FCA180 /* Sources */ = {
			isa = PBXSourcesBuildPhase;
			buildActionMask = 2147483647;
			files = (
				33D93BE224FB308A00FCA180 /* ViewController.swift in Sources */,
				33D93BDE24FB308A00FCA180 /* AppDelegate.swift in Sources */,
				33D93BE024FB308A00FCA180 /* SceneDelegate.swift in Sources */,
			);
			runOnlyForDeploymentPostprocessing = 0;
		};
		33D93BEC24FB308C00FCA180 /* Sources */ = {
			isa = PBXSourcesBuildPhase;
			buildActionMask = 2147483647;
			files = (
				33D93BF524FB308C00FCA180 /* tippyTests.swift in Sources */,
			);
			runOnlyForDeploymentPostprocessing = 0;
		};
		33D93BF724FB308C00FCA180 /* Sources */ = {
			isa = PBXSourcesBuildPhase;
			buildActionMask = 2147483647;
			files = (
				33D93C0024FB308C00FCA180 /* tippyUITests.swift in Sources */,
			);
			runOnlyForDeploymentPostprocessing = 0;
		};
/* End PBXSourcesBuildPhase section */

/* Begin PBXTargetDependency section */
		33D93BF224FB308C00FCA180 /* PBXTargetDependency */ = {
			isa = PBXTargetDependency;
			target = 33D93BD924FB308A00FCA180 /* tippy */;
			targetProxy = 33D93BF124FB308C00FCA180 /* PBXContainerItemProxy */;
		};
		33D93BFD24FB308C00FCA180 /* PBXTargetDependency */ = {
			isa = PBXTargetDependency;
			target = 33D93BD924FB308A00FCA180 /* tippy */;
			targetProxy = 33D93BFC24FB308C00FCA180 /* PBXContainerItemProxy */;
		};
/* End PBXTargetDependency section */

/* Begin PBXVariantGroup section */
		33D93BE324FB308A00FCA180 /* Main.storyboard */ = {
			isa = PBXVariantGroup;
			children = (
				33D93BE424FB308A00FCA180 /* Base */,
			);
			name = Main.storyboard;
			sourceTree = "<group>";
		};
		33D93BE824FB308C00FCA180 /* LaunchScreen.storyboard */ = {
			isa = PBXVariantGroup;
			children = (
				33D93BE924FB308C00FCA180 /* Base */,
			);
			name = LaunchScreen.storyboard;
			sourceTree = "<group>";
		};
/* End PBXVariantGroup section */

/* Begin XCBuildConfiguration section */
		33D93C0224FB308C00FCA180 /* Debug */ = {
			isa = XCBuildConfiguration;
			buildSettings = {
				ALWAYS_SEARCH_USER_PATHS = NO;
				CLANG_ANALYZER_NONNULL = YES;
				CLANG_ANALYZER_NUMBER_OBJECT_CONVERSION = YES_AGGRESSIVE;
				CLANG_CXX_LANGUAGE_STANDARD = "gnu++14";
				CLANG_CXX_LIBRARY = "libc++";
				CLANG_ENABLE_MODULES = YES;
				CLANG_ENABLE_OBJC_ARC = YES;
				CLANG_ENABLE_OBJC_WEAK = YES;
				CLANG_WARN_BLOCK_CAPTURE_AUTORELEASING = YES;
				CLANG_WARN_BOOL_CONVERSION = YES;
				CLANG_WARN_COMMA = YES;
				CLANG_WARN_CONSTANT_CONVERSION = YES;
				CLANG_WARN_DEPRECATED_OBJC_IMPLEMENTATIONS = YES;
				CLANG_WARN_DIRECT_OBJC_ISA_USAGE = YES_ERROR;
				CLANG_WARN_DOCUMENTATION_COMMENTS = YES;
				CLANG_WARN_EMPTY_BODY = YES;
				CLANG_WARN_ENUM_CONVERSION = YES;
				CLANG_WARN_INFINITE_RECURSION = YES;
				CLANG_WARN_INT_CONVERSION = YES;
				CLANG_WARN_NON_LITERAL_NULL_CONVERSION = YES;
				CLANG_WARN_OBJC_IMPLICIT_RETAIN_SELF = YES;
				CLANG_WARN_OBJC_LITERAL_CONVERSION = YES;
				CLANG_WARN_OBJC_ROOT_CLASS = YES_ERROR;
				CLANG_WARN_RANGE_LOOP_ANALYSIS = YES;
				CLANG_WARN_STRICT_PROTOTYPES = YES;
				CLANG_WARN_SUSPICIOUS_MOVE = YES;
				CLANG_WARN_UNGUARDED_AVAILABILITY = YES_AGGRESSIVE;
				CLANG_WARN_UNREACHABLE_CODE = YES;
				CLANG_WARN__DUPLICATE_METHOD_MATCH = YES;
				COPY_PHASE_STRIP = NO;
				DEBUG_INFORMATION_FORMAT = dwarf;
				ENABLE_STRICT_OBJC_MSGSEND = YES;
				ENABLE_TESTABILITY = YES;
				GCC_C_LANGUAGE_STANDARD = gnu11;
				GCC_DYNAMIC_NO_PIC = NO;
				GCC_NO_COMMON_BLOCKS = YES;
				GCC_OPTIMIZATION_LEVEL = 0;
				GCC_PREPROCESSOR_DEFINITIONS = (
					"DEBUG=1",
					"$(inherited)",
				);
				GCC_WARN_64_TO_32_BIT_CONVERSION = YES;
				GCC_WARN_ABOUT_RETURN_TYPE = YES_ERROR;
				GCC_WARN_UNDECLARED_SELECTOR = YES;
				GCC_WARN_UNINITIALIZED_AUTOS = YES_AGGRESSIVE;
				GCC_WARN_UNUSED_FUNCTION = YES;
				GCC_WARN_UNUSED_VARIABLE = YES;
				IPHONEOS_DEPLOYMENT_TARGET = 13.5;
				MTL_ENABLE_DEBUG_INFO = INCLUDE_SOURCE;
				MTL_FAST_MATH = YES;
				ONLY_ACTIVE_ARCH = YES;
				SDKROOT = iphoneos;
				SWIFT_ACTIVE_COMPILATION_CONDITIONS = DEBUG;
				SWIFT_OPTIMIZATION_LEVEL = "-Onone";
			};
			name = Debug;
		};
		33D93C0324FB308C00FCA180 /* Release */ = {
			isa = XCBuildConfiguration;
			buildSettings = {
				ALWAYS_SEARCH_USER_PATHS = NO;
				CLANG_ANALYZER_NONNULL = YES;
				CLANG_ANALYZER_NUMBER_OBJECT_CONVERSION = YES_AGGRESSIVE;
				CLANG_CXX_LANGUAGE_STANDARD = "gnu++14";
				CLANG_CXX_LIBRARY = "libc++";
				CLANG_ENABLE_MODULES = YES;
				CLANG_ENABLE_OBJC_ARC = YES;
				CLANG_ENABLE_OBJC_WEAK = YES;
				CLANG_WARN_BLOCK_CAPTURE_AUTORELEASING = YES;
				CLANG_WARN_BOOL_CONVERSION = YES;
				CLANG_WARN_COMMA = YES;
				CLANG_WARN_CONSTANT_CONVERSION = YES;
				CLANG_WARN_DEPRECATED_OBJC_IMPLEMENTATIONS = YES;
				CLANG_WARN_DIRECT_OBJC_ISA_USAGE = YES_ERROR;
				CLANG_WARN_DOCUMENTATION_COMMENTS = YES;
				CLANG_WARN_EMPTY_BODY = YES;
				CLANG_WARN_ENUM_CONVERSION = YES;
				CLANG_WARN_INFINITE_RECURSION = YES;
				CLANG_WARN_INT_CONVERSION = YES;
				CLANG_WARN_NON_LITERAL_NULL_CONVERSION = YES;
				CLANG_WARN_OBJC_IMPLICIT_RETAIN_SELF = YES;
				CLANG_WARN_OBJC_LITERAL_CONVERSION = YES;
				CLANG_WARN_OBJC_ROOT_CLASS = YES_ERROR;
				CLANG_WARN_RANGE_LOOP_ANALYSIS = YES;
				CLANG_WARN_STRICT_PROTOTYPES = YES;
				CLANG_WARN_SUSPICIOUS_MOVE = YES;
				CLANG_WARN_UNGUARDED_AVAILABILITY = YES_AGGRESSIVE;
				CLANG_WARN_UNREACHABLE_CODE = YES;
				CLANG_WARN__DUPLICATE_METHOD_MATCH = YES;
				COPY_PHASE_STRIP = NO;
				DEBUG_INFORMATION_FORMAT = "dwarf-with-dsym";
				ENABLE_NS_ASSERTIONS = NO;
				ENABLE_STRICT_OBJC_MSGSEND = YES;
				GCC_C_LANGUAGE_STANDARD = gnu11;
				GCC_NO_COMMON_BLOCKS = YES;
				GCC_WARN_64_TO_32_BIT_CONVERSION = YES;
				GCC_WARN_ABOUT_RETURN_TYPE = YES_ERROR;
				GCC_WARN_UNDECLARED_SELECTOR = YES;
				GCC_WARN_UNINITIALIZED_AUTOS = YES_AGGRESSIVE;
				GCC_WARN_UNUSED_FUNCTION = YES;
				GCC_WARN_UNUSED_VARIABLE = YES;
				IPHONEOS_DEPLOYMENT_TARGET = 13.5;
				MTL_ENABLE_DEBUG_INFO = NO;
				MTL_FAST_MATH = YES;
				SDKROOT = iphoneos;
				SWIFT_COMPILATION_MODE = wholemodule;
				SWIFT_OPTIMIZATION_LEVEL = "-O";
				VALIDATE_PRODUCT = YES;
			};
			name = Release;
		};
		33D93C0524FB308C00FCA180 /* Debug */ = {
			isa = XCBuildConfiguration;
			buildSettings = {
				ASSETCATALOG_COMPILER_APPICON_NAME = AppIcon;
				CODE_SIGN_STYLE = Automatic;
				INFOPLIST_FILE = tippy/Info.plist;
				LD_RUNPATH_SEARCH_PATHS = (
					"$(inherited)",
					"@executable_path/Frameworks",
				);
				PRODUCT_BUNDLE_IDENTIFIER = codepath.tippy;
				PRODUCT_NAME = "$(TARGET_NAME)";
				SWIFT_VERSION = 5.0;
				TARGETED_DEVICE_FAMILY = "1,2";
			};
			name = Debug;
		};
		33D93C0624FB308C00FCA180 /* Release */ = {
			isa = XCBuildConfiguration;
			buildSettings = {
				ASSETCATALOG_COMPILER_APPICON_NAME = AppIcon;
				CODE_SIGN_STYLE = Automatic;
				INFOPLIST_FILE = tippy/Info.plist;
				LD_RUNPATH_SEARCH_PATHS = (
					"$(inherited)",
					"@executable_path/Frameworks",
				);
				PRODUCT_BUNDLE_IDENTIFIER = codepath.tippy;
				PRODUCT_NAME = "$(TARGET_NAME)";
				SWIFT_VERSION = 5.0;
				TARGETED_DEVICE_FAMILY = "1,2";
			};
			name = Release;
		};
		33D93C0824FB308C00FCA180 /* Debug */ = {
			isa = XCBuildConfiguration;
			buildSettings = {
				ALWAYS_EMBED_SWIFT_STANDARD_LIBRARIES = YES;
				BUNDLE_LOADER = "$(TEST_HOST)";
				CODE_SIGN_STYLE = Automatic;
				INFOPLIST_FILE = tippyTests/Info.plist;
				IPHONEOS_DEPLOYMENT_TARGET = 13.5;
				LD_RUNPATH_SEARCH_PATHS = (
					"$(inherited)",
					"@executable_path/Frameworks",
					"@loader_path/Frameworks",
				);
				PRODUCT_BUNDLE_IDENTIFIER = codepath.tippyTests;
				PRODUCT_NAME = "$(TARGET_NAME)";
				SWIFT_VERSION = 5.0;
				TARGETED_DEVICE_FAMILY = "1,2";
				TEST_HOST = "$(BUILT_PRODUCTS_DIR)/tippy.app/tippy";
			};
			name = Debug;
		};
		33D93C0924FB308C00FCA180 /* Release */ = {
			isa = XCBuildConfiguration;
			buildSettings = {
				ALWAYS_EMBED_SWIFT_STANDARD_LIBRARIES = YES;
				BUNDLE_LOADER = "$(TEST_HOST)";
				CODE_SIGN_STYLE = Automatic;
				INFOPLIST_FILE = tippyTests/Info.plist;
				IPHONEOS_DEPLOYMENT_TARGET = 13.5;
				LD_RUNPATH_SEARCH_PATHS = (
					"$(inherited)",
					"@executable_path/Frameworks",
					"@loader_path/Frameworks",
				);
				PRODUCT_BUNDLE_IDENTIFIER = codepath.tippyTests;
				PRODUCT_NAME = "$(TARGET_NAME)";
				SWIFT_VERSION = 5.0;
				TARGETED_DEVICE_FAMILY = "1,2";
				TEST_HOST = "$(BUILT_PRODUCTS_DIR)/tippy.app/tippy";
			};
			name = Release;
		};
		33D93C0B24FB308C00FCA180 /* Debug */ = {
			isa = XCBuildConfiguration;
			buildSettings = {
				ALWAYS_EMBED_SWIFT_STANDARD_LIBRARIES = YES;
				CODE_SIGN_STYLE = Automatic;
				INFOPLIST_FILE = tippyUITests/Info.plist;
				LD_RUNPATH_SEARCH_PATHS = (
					"$(inherited)",
					"@executable_path/Frameworks",
					"@loader_path/Frameworks",
				);
				PRODUCT_BUNDLE_IDENTIFIER = codepath.tippyUITests;
				PRODUCT_NAME = "$(TARGET_NAME)";
				SWIFT_VERSION = 5.0;
				TARGETED_DEVICE_FAMILY = "1,2";
				TEST_TARGET_NAME = tippy;
			};
			name = Debug;
		};
		33D93C0C24FB308C00FCA180 /* Release */ = {
			isa = XCBuildConfiguration;
			buildSettings = {
				ALWAYS_EMBED_SWIFT_STANDARD_LIBRARIES = YES;
				CODE_SIGN_STYLE = Automatic;
				INFOPLIST_FILE = tippyUITests/Info.plist;
				LD_RUNPATH_SEARCH_PATHS = (
					"$(inherited)",
					"@executable_path/Frameworks",
					"@loader_path/Frameworks",
				);
				PRODUCT_BUNDLE_IDENTIFIER = codepath.tippyUITests;
				PRODUCT_NAME = "$(TARGET_NAME)";
				SWIFT_VERSION = 5.0;
				TARGETED_DEVICE_FAMILY = "1,2";
				TEST_TARGET_NAME = tippy;
			};
			name = Release;
		};
/* End XCBuildConfiguration section */

/* Begin XCConfigurationList section */
		33D93BD524FB308A00FCA180 /* Build configuration list for PBXProject "tippy" */ = {
			isa = XCConfigurationList;
			buildConfigurations = (
				33D93C0224FB308C00FCA180 /* Debug */,
				33D93C0324FB308C00FCA180 /* Release */,
			);
			defaultConfigurationIsVisible = 0;
			defaultConfigurationName = Release;
		};
		33D93C0424FB308C00FCA180 /* Build configuration list for PBXNativeTarget "tippy" */ = {
			isa = XCConfigurationList;
			buildConfigurations = (
				33D93C0524FB308C00FCA180 /* Debug */,
				33D93C0624FB308C00FCA180 /* Release */,
			);
			defaultConfigurationIsVisible = 0;
			defaultConfigurationName = Release;
		};
		33D93C0724FB308C00FCA180 /* Build configuration list for PBXNativeTarget "tippyTests" */ = {
			isa = XCConfigurationList;
			buildConfigurations = (
				33D93C0824FB308C00FCA180 /* Debug */,
				33D93C0924FB308C00FCA180 /* Release */,
			);
			defaultConfigurationIsVisible = 0;
			defaultConfigurationName = Release;
		};
		33D93C0A24FB308C00FCA180 /* Build configuration list for PBXNativeTarget "tippyUITests" */ = {
			isa = XCConfigurationList;
			buildConfigurations = (
				33D93C0B24FB308C00FCA180 /* Debug */,
				33D93C0C24FB308C00FCA180 /* Release */,
			);
			defaultConfigurationIsVisible = 0;
			defaultConfigurationName = Release;
		};
/* End XCConfigurationList section */
	};
	rootObject = 33D93BD224FB308A00FCA180 /* Project object */;
}
